
Microsoft Visual Studio Solution File, Format Version 12.00
# Visual Studio Version 17
VisualStudioVersion = 17.0.31919.166
MinimumVisualStudioVersion = 10.0.40219.1
Project("{FAE04EC0-301F-11D3-BF4B-00C04F79EFBC}") = "IoTDevices.IntegrationFunctions", "IoTDevices.IntegrationFunctions\IoTDevices.IntegrationFunctions.csproj", "{31BA7B4E-DBFE-4737-BA7F-0F05CBEB44A9}"
EndProject
Global
	GlobalSection(SolutionConfigurationPlatforms) = preSolution
		Debug|Any CPU = Debug|Any CPU
		Release|Any CPU = Release|Any CPU
	EndGlobalSection
	GlobalSection(ProjectConfigurationPlatforms) = postSolution
		{31BA7B4E-DBFE-4737-BA7F-0F05CBEB44A9}.Debug|Any CPU.ActiveCfg = Debug|Any CPU
		{31BA7B4E-DBFE-4737-BA7F-0F05CBEB44A9}.Debug|Any CPU.Build.0 = Debug|Any CPU
		{31BA7B4E-DBFE-4737-BA7F-0F05CBEB44A9}.Release|Any CPU.ActiveCfg = Release|Any CPU
		{31BA7B4E-DBFE-4737-BA7F-0F05CBEB44A9}.Release|Any CPU.Build.0 = Release|Any CPU
	EndGlobalSection
	GlobalSection(SolutionProperties) = preSolution
		HideSolutionNode = FALSE
	EndGlobalSection
	GlobalSection(ExtensibilityGlobals) = postSolution
		SolutionGuid = {06917F7D-7749-4A0B-9A2B-EA68C3CB80E6}
	EndGlobalSection
EndGlobal
